{
  "sources": {
    "rails_app": {
      "path": "."
    },
    "database": {
      "locked_version": "1.3.10",
      "git": "git://github.com/jhx/cookbook-database.git",
      "ref": "87a9769d98544a7ac26ed51d803e27d288230aec"
    },
    "cron": {
      "locked_version": "1.2.2"
    },
    "chef-sugar": {
      "locked_version": "1.1.0"
    },
    "logrotate": {
      "locked_version": "1.0.2"
    },
    "mysql": {
      "locked_version": "2.1.0"
    },
    "openssl": {
      "locked_version": "1.0.0"
    },
    "build-essential": {
      "locked_version": "1.3.2"
    },
    "rvm": {
      "locked_version": "0.0.4"
    },
    "apt": {
      "locked_version": "1.8.0"
    },
    "postgresql": {
      "locked_version": "2.1.0"
    },
    "aws": {
      "locked_version": "0.100.4"
    },
    "xfs": {
      "locked_version": "1.1.0"
    }
  }
}
